<?xml version="1.0" encoding="utf-8"?>
<Project ToolsVersion="4.0" xmlns="http://schemas.microsoft.com/developer/msbuild/2003">
  <ItemGroup>
    <Filter Include="Source Files">
      <UniqueIdentifier>{4FC737F1-C7A5-4376-A066-2A32D752A2FF}</UniqueIdentifier>
      <Extensions>cpp;c;cc;cxx;def;odl;idl;hpj;bat;asm;asmx</Extensions>
    </Filter>
    <Filter Include="Header Files">
      <UniqueIdentifier>{93995380-89BD-4b04-88EB-625FBE52EBFB}</UniqueIdentifier>
      <Extensions>h;hh;hpp;hxx;hm;inl;inc;xsd</Extensions>
    </Filter>
    <Filter Include="Resource Files">
      <UniqueIdentifier>{67DA6AB6-F800-4c08-8B7A-83BB121AAD01}</UniqueIdentifier>
      <Extensions>rc;ico;cur;bmp;dlg;rc2;rct;bin;rgs;gif;jpg;jpeg;jpe;resx;tiff;tif;png;wav</Extensions>
    </Filter>
  </ItemGroup>
  <ItemGroup>
    <ClCompile Include="..\geomtools.cpp">
      <Filter>Source Files</Filter>
    </ClCompile>
    <ClCompile Include="..\input.cpp">
      <Filter>Source Files</Filter>
    </ClCompile>
    <ClCompile Include="..\main.cpp">
      <Filter>Source Files</Filter>
    </ClCompile>
    <ClCompile Include="..\pugixml.cpp">
      <Filter>Source Files</Filter>
    </ClCompile>
    <ClCompile Include="..\Shell.cpp">
      <Filter>Source Files</Filter>
    </ClCompile>
    <ClCompile Include="..\Solid.cpp">
      <Filter>Source Files</Filter>
    </ClCompile>
    <ClCompile Include="..\validate_shell.cpp">
      <Filter>Source Files</Filter>
    </ClCompile>
    <ClCompile Include="..\validate_shell_intersection.cpp">
      <Filter>Source Files</Filter>
    </ClCompile>
  </ItemGroup>
  <ItemGroup>
    <ClInclude Include="..\definitions.h">
      <Filter>Header Files</Filter>
    </ClInclude>
    <ClInclude Include="..\geomtools.h">
      <Filter>Header Files</Filter>
    </ClInclude>
    <ClInclude Include="..\input.h">
      <Filter>Header Files</Filter>
    </ClInclude>
    <ClInclude Include="..\Shell.h">
      <Filter>Header Files</Filter>
    </ClInclude>
    <ClInclude Include="..\Solid.h">
      <Filter>Header Files</Filter>
    </ClInclude>
    <ClInclude Include="..\validate_shell.h">
      <Filter>Header Files</Filter>
    </ClInclude>
    <ClInclude Include="..\validate_shell_intersection.h">
      <Filter>Header Files</Filter>
    </ClInclude>
    <ClInclude Include="..\pugiconfig.hpp">
      <Filter>Header Files</Filter>
    </ClInclude>
    <ClInclude Include="..\pugixml.hpp">
      <Filter>Header Files</Filter>
    </ClInclude>
    <ClInclude Include="..\include\tclap\Arg.h">
      <Filter>Header Files</Filter>
    </ClInclude>
    <ClInclude Include="..\include\tclap\ArgException.h">
      <Filter>Header Files</Filter>
    </ClInclude>
    <ClInclude Include="..\include\tclap\ArgTraits.h">
      <Filter>Header Files</Filter>
    </ClInclude>
    <ClInclude Include="..\include\tclap\CmdLine.h">
      <Filter>Header Files</Filter>
    </ClInclude>
    <ClInclude Include="..\include\tclap\CmdLineInterface.h">
      <Filter>Header Files</Filter>
    </ClInclude>
    <ClInclude Include="..\include\tclap\CmdLineOutput.h">
      <Filter>Header Files</Filter>
    </ClInclude>
    <ClInclude Include="..\include\tclap\Constraint.h">
      <Filter>Header Files</Filter>
    </ClInclude>
    <ClInclude Include="..\include\tclap\DocBookOutput.h">
      <Filter>Header Files</Filter>
    </ClInclude>
    <ClInclude Include="..\include\tclap\HelpVisitor.h">
      <Filter>Header Files</Filter>
    </ClInclude>
    <ClInclude Include="..\include\tclap\IgnoreRestVisitor.h">
      <Filter>Header Files</Filter>
    </ClInclude>
    <ClInclude Include="..\include\tclap\MultiArg.h">
      <Filter>Header Files</Filter>
    </ClInclude>
    <ClInclude Include="..\include\tclap\MultiSwitchArg.h">
      <Filter>Header Files</Filter>
    </ClInclude>
    <ClInclude Include="..\include\tclap\OptionalUnlabeledTracker.h">
      <Filter>Header Files</Filter>
    </ClInclude>
    <ClInclude Include="..\include\tclap\StandardTraits.h">
      <Filter>Header Files</Filter>
    </ClInclude>
    <ClInclude Include="..\include\tclap\StdOutput.h">
      <Filter>Header Files</Filter>
    </ClInclude>
    <ClInclude Include="..\include\tclap\SwitchArg.h">
      <Filter>Header Files</Filter>
    </ClInclude>
    <ClInclude Include="..\include\tclap\UnlabeledMultiArg.h">
      <Filter>Header Files</Filter>
    </ClInclude>
    <ClInclude Include="..\include\tclap\UnlabeledValueArg.h">
      <Filter>Header Files</Filter>
    </ClInclude>
    <ClInclude Include="..\include\tclap\ValueArg.h">
      <Filter>Header Files</Filter>
    </ClInclude>
    <ClInclude Include="..\include\tclap\ValuesConstraint.h">
      <Filter>Header Files</Filter>
    </ClInclude>
    <ClInclude Include="..\include\tclap\VersionVisitor.h">
      <Filter>Header Files</Filter>
    </ClInclude>
    <ClInclude Include="..\include\tclap\Visitor.h">
      <Filter>Header Files</Filter>
    </ClInclude>
    <ClInclude Include="..\include\tclap\XorHandler.h">
      <Filter>Header Files</Filter>
    </ClInclude>
    <ClInclude Include="..\include\tclap\ZshCompletionOutput.h">
      <Filter>Header Files</Filter>
    </ClInclude>
  </ItemGroup>
</Project>